
Microsoft Visual Studio Solution File, Format Version 12.00
# Visual Studio Version 16
VisualStudioVersion = 16.0.28621.142
MinimumVisualStudioVersion = 10.0.40219.1
Project("{2150E333-8FDC-42A3-9474-1A3956D46DE8}") = "Solution Items", "Solution Items", "{84E71A33-28B5-485E-81CD-625ED1A95A24}"
	ProjectSection(SolutionItems) = preProject
		Directory.Build.props = Directory.Build.props
		LICENSE = LICENSE
		README.md = README.md
	EndProjectSection
EndProject
Project("{9A19103F-16F7-4668-BE54-9A1E7A4F7556}") = "BlazorEmbedLibrary", "src\BlazorEmbedLibrary\BlazorEmbedLibrary.csproj", "{2233FEFD-906A-48BA-B449-E1206CBA7068}"
EndProject
Project("{9A19103F-16F7-4668-BE54-9A1E7A4F7556}") = "BlazorEmbedContent", "samples\BlazorEmbedContent\BlazorEmbedContent.csproj", "{C8941EE2-3131-442A-8CD4-8E3D8F05E909}"
EndProject
Project("{9A19103F-16F7-4668-BE54-9A1E7A4F7556}") = "BlazorComponentSample", "samples\BlazorComponentSample\BlazorComponentSample.csproj", "{0E5308C8-4453-44C6-93E2-434E02C5A834}"
EndProject
Project("{9A19103F-16F7-4668-BE54-9A1E7A4F7556}") = "RazorComponentsSample.Server", "samples\RazorComponentsSample\RazorComponentsSample.Server\RazorComponentsSample.Server.csproj", "{321B4834-0D15-4752-945A-350FE4F3E187}"
EndProject
Project("{2150E333-8FDC-42A3-9474-1A3956D46DE8}") = "src", "src", "{9463F8BD-A1F6-446A-9CE5-22BC6CF45F1D}"
EndProject
Project("{2150E333-8FDC-42A3-9474-1A3956D46DE8}") = "samples", "samples", "{F598DD43-93FF-45F7-B972-FA4E3E00D39A}"
EndProject
Global
	GlobalSection(SolutionConfigurationPlatforms) = preSolution
		Debug|Any CPU = Debug|Any CPU
		Release|Any CPU = Release|Any CPU
	EndGlobalSection
	GlobalSection(ProjectConfigurationPlatforms) = postSolution
		{C8941EE2-3131-442A-8CD4-8E3D8F05E909}.Debug|Any CPU.ActiveCfg = Debug|Any CPU
		{C8941EE2-3131-442A-8CD4-8E3D8F05E909}.Debug|Any CPU.Build.0 = Debug|Any CPU
		{C8941EE2-3131-442A-8CD4-8E3D8F05E909}.Release|Any CPU.ActiveCfg = Release|Any CPU
		{C8941EE2-3131-442A-8CD4-8E3D8F05E909}.Release|Any CPU.Build.0 = Release|Any CPU
		{2233FEFD-906A-48BA-B449-E1206CBA7068}.Debug|Any CPU.ActiveCfg = Debug|Any CPU
		{2233FEFD-906A-48BA-B449-E1206CBA7068}.Debug|Any CPU.Build.0 = Debug|Any CPU
		{2233FEFD-906A-48BA-B449-E1206CBA7068}.Release|Any CPU.ActiveCfg = Release|Any CPU
		{2233FEFD-906A-48BA-B449-E1206CBA7068}.Release|Any CPU.Build.0 = Release|Any CPU
		{0E5308C8-4453-44C6-93E2-434E02C5A834}.Debug|Any CPU.ActiveCfg = Debug|Any CPU
		{0E5308C8-4453-44C6-93E2-434E02C5A834}.Debug|Any CPU.Build.0 = Debug|Any CPU
		{0E5308C8-4453-44C6-93E2-434E02C5A834}.Release|Any CPU.ActiveCfg = Release|Any CPU
		{0E5308C8-4453-44C6-93E2-434E02C5A834}.Release|Any CPU.Build.0 = Release|Any CPU
		{321B4834-0D15-4752-945A-350FE4F3E187}.Debug|Any CPU.ActiveCfg = Debug|Any CPU
		{321B4834-0D15-4752-945A-350FE4F3E187}.Debug|Any CPU.Build.0 = Debug|Any CPU
		{321B4834-0D15-4752-945A-350FE4F3E187}.Release|Any CPU.ActiveCfg = Release|Any CPU
		{321B4834-0D15-4752-945A-350FE4F3E187}.Release|Any CPU.Build.0 = Release|Any CPU
	EndGlobalSection
	GlobalSection(SolutionProperties) = preSolution
		HideSolutionNode = FALSE
	EndGlobalSection
	GlobalSection(NestedProjects) = preSolution
		{C8941EE2-3131-442A-8CD4-8E3D8F05E909} = {F598DD43-93FF-45F7-B972-FA4E3E00D39A}
		{2233FEFD-906A-48BA-B449-E1206CBA7068} = {9463F8BD-A1F6-446A-9CE5-22BC6CF45F1D}
		{0E5308C8-4453-44C6-93E2-434E02C5A834} = {F598DD43-93FF-45F7-B972-FA4E3E00D39A}
		{321B4834-0D15-4752-945A-350FE4F3E187} = {F598DD43-93FF-45F7-B972-FA4E3E00D39A}
	EndGlobalSection
	GlobalSection(ExtensibilityGlobals) = postSolution
		SolutionGuid = {DC049A56-A934-4817-8415-152E6BBBAA16}
	EndGlobalSection
EndGlobal
